
Microsoft Visual Studio Solution File, Format Version 12.00
# Visual Studio Version 17
VisualStudioVersion = 17.0.31903.59
MinimumVisualStudioVersion = 10.0.40219.1
Project("{2150E333-8FDC-42A3-9474-1A3956D46DE8}") = "src", "src", "{34FCAA39-7F55-4299-83E2-724F5AC09AC7}"
EndProject
Project("{FAE04EC0-301F-11D3-BF4B-00C04F79EFBC}") = "LogScope.Core", "src\LogScope.Core\LogScope.Core.csproj", "{C0D22563-813A-4820-B55E-70DB16603B72}"
EndProject
Project("{FAE04EC0-301F-11D3-BF4B-00C04F79EFBC}") = "LogScope.App", "src\LogScope.App\LogScope.App.csproj", "{9543AED9-D83D-4026-9EFC-ABDC44E67BFC}"
EndProject
Project("{2150E333-8FDC-42A3-9474-1A3956D46DE8}") = "tests", "tests", "{E0A688D7-4D4D-4611-B2A0-5609066D9F8C}"
EndProject
Project("{FAE04EC0-301F-11D3-BF4B-00C04F79EFBC}") = "LogScope.Core.Tests", "tests\LogScope.Core.Tests\LogScope.Core.Tests.csproj", "{9441ECAE-7699-4115-B30E-BFE84B5C562D}"
EndProject
Global
	GlobalSection(SolutionConfigurationPlatforms) = preSolution
		Debug|Any CPU = Debug|Any CPU
		Release|Any CPU = Release|Any CPU
	EndGlobalSection
	GlobalSection(SolutionProperties) = preSolution
		HideSolutionNode = FALSE
	EndGlobalSection
	GlobalSection(ProjectConfigurationPlatforms) = postSolution
		{C0D22563-813A-4820-B55E-70DB16603B72}.Debug|Any CPU.ActiveCfg = Debug|Any CPU
		{C0D22563-813A-4820-B55E-70DB16603B72}.Debug|Any CPU.Build.0 = Debug|Any CPU
		{C0D22563-813A-4820-B55E-70DB16603B72}.Release|Any CPU.ActiveCfg = Release|Any CPU
		{C0D22563-813A-4820-B55E-70DB16603B72}.Release|Any CPU.Build.0 = Release|Any CPU
		{9543AED9-D83D-4026-9EFC-ABDC44E67BFC}.Debug|Any CPU.ActiveCfg = Debug|Any CPU
		{9543AED9-D83D-4026-9EFC-ABDC44E67BFC}.Debug|Any CPU.Build.0 = Debug|Any CPU
		{9543AED9-D83D-4026-9EFC-ABDC44E67BFC}.Release|Any CPU.ActiveCfg = Release|Any CPU
		{9543AED9-D83D-4026-9EFC-ABDC44E67BFC}.Release|Any CPU.Build.0 = Release|Any CPU
		{9441ECAE-7699-4115-B30E-BFE84B5C562D}.Debug|Any CPU.ActiveCfg = Debug|Any CPU
		{9441ECAE-7699-4115-B30E-BFE84B5C562D}.Debug|Any CPU.Build.0 = Debug|Any CPU
		{9441ECAE-7699-4115-B30E-BFE84B5C562D}.Release|Any CPU.ActiveCfg = Release|Any CPU
		{9441ECAE-7699-4115-B30E-BFE84B5C562D}.Release|Any CPU.Build.0 = Release|Any CPU
	EndGlobalSection
	GlobalSection(NestedProjects) = preSolution
		{C0D22563-813A-4820-B55E-70DB16603B72} = {34FCAA39-7F55-4299-83E2-724F5AC09AC7}
		{9543AED9-D83D-4026-9EFC-ABDC44E67BFC} = {34FCAA39-7F55-4299-83E2-724F5AC09AC7}
		{9441ECAE-7699-4115-B30E-BFE84B5C562D} = {E0A688D7-4D4D-4611-B2A0-5609066D9F8C}
	EndGlobalSection
EndGlobal
